{
  "name": "college-management-system",
  "lockfileVersion": 3,
  "requires": true,
  "packages": {
    "": {
      "dependencies": {
        "lucide-angular": "^0.216.0"
      }
    },
    "node_modules/lucide-angular": {
      "version": "0.216.0",
      "resolved": "https://registry.npmjs.org/lucide-angular/-/lucide-angular-0.216.0.tgz",
      "integrity": "sha512-axWdZyPTb2WJQwrhk7j064j/xOvYrCkki5QPV6HIyOsjoxk0VcswBX78julShl3QEsIXtY9e6J5azdArRe2W8Q==",
      "dependencies": {
        "tslib": "^2.3.0"
      },
      "peerDependencies": {
        "@angular/common": "13.x - 16.x",
        "@angular/core": "13.x - 16.x"
      }
    },
    "node_modules/tslib": {
      "version": "2.5.0",
      "resolved": "https://registry.npmjs.org/tslib/-/tslib-2.5.0.tgz",
      "integrity": "sha512-336iVw3rtn2BUK7ORdIAHTyxHGRIHVReokCR3XjbckJMK7ms8FysBfhLR8IXnAgy7T0PTPNBWKiH514FOW/WSg=="
    }
  }
}
